
Microsoft Visual Studio Solution File, Format Version 12.00
# Visual Studio Version 17
VisualStudioVersion = 17.0.31912.275
MinimumVisualStudioVersion = 10.0.40219.1
Project("{FAE04EC0-301F-11D3-BF4B-00C04F79EFBC}") = "UDPSever", "UDPSever\UDPSever.csproj", "{BB3C3709-023B-41AB-BE5B-398385A6B5B3}"
EndProject
Global
	GlobalSection(SolutionConfigurationPlatforms) = preSolution
		Debug|Any CPU = Debug|Any CPU
		Release|Any CPU = Release|Any CPU
	EndGlobalSection
	GlobalSection(ProjectConfigurationPlatforms) = postSolution
		{BB3C3709-023B-41AB-BE5B-398385A6B5B3}.Debug|Any CPU.ActiveCfg = Debug|Any CPU
		{BB3C3709-023B-41AB-BE5B-398385A6B5B3}.Debug|Any CPU.Build.0 = Debug|Any CPU
		{BB3C3709-023B-41AB-BE5B-398385A6B5B3}.Release|Any CPU.ActiveCfg = Release|Any CPU
		{BB3C3709-023B-41AB-BE5B-398385A6B5B3}.Release|Any CPU.Build.0 = Release|Any CPU
	EndGlobalSection
	GlobalSection(SolutionProperties) = preSolution
		HideSolutionNode = FALSE
	EndGlobalSection
	GlobalSection(ExtensibilityGlobals) = postSolution
		SolutionGuid = {0E46D7D7-90DB-4E47-987F-BF8DCC04D14C}
	EndGlobalSection
EndGlobal
